
Microsoft Visual Studio Solution File, Format Version 12.00
# Visual Studio Version 17
VisualStudioVersion = 17.1.32104.313
MinimumVisualStudioVersion = 10.0.40219.1
Project("{FAE04EC0-301F-11D3-BF4B-00C04F79EFBC}") = "DieRoller", "DieRoller.csproj", "{EC03DFFB-D86D-47D5-8C00-93BB158F010D}"
EndProject
Global
	GlobalSection(SolutionConfigurationPlatforms) = preSolution
		Debug|Any CPU = Debug|Any CPU
		Release|Any CPU = Release|Any CPU
	EndGlobalSection
	GlobalSection(ProjectConfigurationPlatforms) = postSolution
		{EC03DFFB-D86D-47D5-8C00-93BB158F010D}.Debug|Any CPU.ActiveCfg = Debug|Any CPU
		{EC03DFFB-D86D-47D5-8C00-93BB158F010D}.Debug|Any CPU.Build.0 = Debug|Any CPU
		{EC03DFFB-D86D-47D5-8C00-93BB158F010D}.Release|Any CPU.ActiveCfg = Release|Any CPU
		{EC03DFFB-D86D-47D5-8C00-93BB158F010D}.Release|Any CPU.Build.0 = Release|Any CPU
	EndGlobalSection
	GlobalSection(SolutionProperties) = preSolution
		HideSolutionNode = FALSE
	EndGlobalSection
	GlobalSection(ExtensibilityGlobals) = postSolution
		SolutionGuid = {FD391407-333B-46BC-A7DD-37055137220A}
	EndGlobalSection
EndGlobal
